
Microsoft Visual Studio Solution File, Format Version 12.00
# Visual Studio 15
VisualStudioVersion = 15.0.27703.2018
MinimumVisualStudioVersion = 10.0.40219.1
Project("{FAE04EC0-301F-11D3-BF4B-00C04F79EFBC}") = "01.HelloWorld", "CSleaning1\01.HelloWorld.csproj", "{2602E4D9-173C-458C-81DF-4331DE2025AB}"
EndProject
Project("{FAE04EC0-301F-11D3-BF4B-00C04F79EFBC}") = "02.Wage", "test\02.Wage.csproj", "{862DC37A-E90D-4B57-8DE6-0AEED94160F3}"
EndProject
Project("{FAE04EC0-301F-11D3-BF4B-00C04F79EFBC}") = "03.TestAve", "TestAve\03.TestAve.csproj", "{3B9FAC93-9003-4177-905B-9B2FA7A5876D}"
EndProject
Project("{FAE04EC0-301F-11D3-BF4B-00C04F79EFBC}") = "Free", "Free\Free.csproj", "{659DBD5E-C66B-416B-94A9-C145CC639AB4}"
EndProject
Project("{FAE04EC0-301F-11D3-BF4B-00C04F79EFBC}") = "04.LifeHeel", "LifeHeel\04.LifeHeel.csproj", "{F28A3F01-D49F-421D-8224-A928C33227F4}"
EndProject
Project("{FAE04EC0-301F-11D3-BF4B-00C04F79EFBC}") = "05.LifeHeel1", "5.LifeHeel1\05.LifeHeel1.csproj", "{51B0F5A0-6C03-49DA-91DB-2E67EEEA25E7}"
EndProject
Project("{FAE04EC0-301F-11D3-BF4B-00C04F79EFBC}") = "06.GameOver", "GameOver\06.GameOver.csproj", "{9E4B2268-6F0D-4F8B-802A-E7B2DA992358}"
EndProject
Project("{FAE04EC0-301F-11D3-BF4B-00C04F79EFBC}") = "07.Corporation", "7.Corporation\07.Corporation.csproj", "{9D800115-8F01-4A36-9DEE-02F47E4EE9D9}"
EndProject
Project("{FAE04EC0-301F-11D3-BF4B-00C04F79EFBC}") = "07.CorporationdDubleCheck", "8.Corporation\07.CorporationdDubleCheck.csproj", "{CBE3660E-C229-4EC0-AB0A-2DE0755EBAEC}"
EndProject
Project("{FAE04EC0-301F-11D3-BF4B-00C04F79EFBC}") = "08.HowMove", "HowMove\08.HowMove.csproj", "{B9D2906D-0C1F-4528-B615-57FC984C11BA}"
EndProject
Project("{FAE04EC0-301F-11D3-BF4B-00C04F79EFBC}") = "09.KindofLand", "9.KindofLand\09.KindofLand.csproj", "{7AEAA494-4378-4788-A2F2-9CC6FC15D7F3}"
EndProject
Project("{FAE04EC0-301F-11D3-BF4B-00C04F79EFBC}") = "10.Loop", "10.Roop\10.Loop.csproj", "{24724865-43AC-4647-9C00-B2DBC8F96E1D}"
EndProject
Project("{FAE04EC0-301F-11D3-BF4B-00C04F79EFBC}") = "11.CountUp", "11.CountUp\11.CountUp.csproj", "{74C75A57-5195-4713-86CF-84380DC8D291}"
EndProject
Project("{FAE04EC0-301F-11D3-BF4B-00C04F79EFBC}") = "12.Missile", "12.Missile\12.Missile.csproj", "{CC35DF51-689B-4E96-9592-413F81232B8C}"
EndProject
Project("{FAE04EC0-301F-11D3-BF4B-00C04F79EFBC}") = "13.Missile2", "13.Missile2\13.Missile2.csproj", "{D184B5F0-8BBA-4D47-A7D6-9D589181294C}"
EndProject
Project("{FAE04EC0-301F-11D3-BF4B-00C04F79EFBC}") = "14.10000WARU2", "14.10000WARU2\14.10000WARU2.csproj", "{0A1A4B33-4AE4-4600-A473-F282716DA223}"
EndProject
Project("{FAE04EC0-301F-11D3-BF4B-00C04F79EFBC}") = "15.Break", "15.Break\15.Break.csproj", "{7E0B280F-55AD-4C6E-963F-91489B2C9AB4}"
EndProject
Project("{FAE04EC0-301F-11D3-BF4B-00C04F79EFBC}") = "16.Over500", "16.over500\16.Over500.csproj", "{EAB30C80-25D5-44FC-B369-E409AF3F6D47}"
EndProject
Project("{FAE04EC0-301F-11D3-BF4B-00C04F79EFBC}") = "17.List1", "17.Weight\17.List1.csproj", "{01FE1EC6-6623-45C8-94A6-65F6798662D4}"
EndProject
Project("{FAE04EC0-301F-11D3-BF4B-00C04F79EFBC}") = "Switch", "Switch\Switch.csproj", "{86DFFBC6-0986-4BDE-A259-2126DD675912}"
EndProject
Project("{FAE04EC0-301F-11D3-BF4B-00C04F79EFBC}") = "Continue", "Continue\Continue.csproj", "{E6F0CC16-ED3F-4D00-8C73-327466CE2A92}"
EndProject
Project("{FAE04EC0-301F-11D3-BF4B-00C04F79EFBC}") = "Continue2", "Continue2\Continue2.csproj", "{DF149A07-7B22-4269-969A-7ABB972E16F8}"
EndProject
Project("{FAE04EC0-301F-11D3-BF4B-00C04F79EFBC}") = "17.List2", "Weight2\17.List2.csproj", "{5F6078D8-5668-4C28-8BB4-29060C2882C2}"
EndProject
Project("{FAE04EC0-301F-11D3-BF4B-00C04F79EFBC}") = "17.List3", "17.Weight3\17.List3.csproj", "{4D211105-C49D-4AB4-85C5-605BD1177667}"
EndProject
Project("{FAE04EC0-301F-11D3-BF4B-00C04F79EFBC}") = "000ClassCreate", "ClassCreate\000ClassCreate.csproj", "{D02C604C-4F08-418C-A6CD-E4B81D6F200E}"
EndProject
Project("{FAE04EC0-301F-11D3-BF4B-00C04F79EFBC}") = "17.List4", "List\17.List4.csproj", "{06E1A711-A854-4935-85C7-4BA9FE866603}"
EndProject
Project("{FAE04EC0-301F-11D3-BF4B-00C04F79EFBC}") = "17.List5", "17.List5\17.List5.csproj", "{709BB27C-A48B-4FA2-9F10-E74F3656B8CC}"
EndProject
Project("{FAE04EC0-301F-11D3-BF4B-00C04F79EFBC}") = "18.Collection1", "18.Collection\18.Collection1.csproj", "{67615E3F-2F1A-4485-8797-3068640E6EFE}"
EndProject
Project("{FAE04EC0-301F-11D3-BF4B-00C04F79EFBC}") = "18.Collection２", "18.Collection２\18.Collection２.csproj", "{799CBBFC-A6DB-4F8C-82A0-B26A34352513}"
EndProject
Project("{FAE04EC0-301F-11D3-BF4B-00C04F79EFBC}") = "18.Collection3", "18.あ\18.Collection3.csproj", "{1242EF5F-E12A-4EAB-AC6E-9CB8D3992164}"
EndProject
Project("{FAE04EC0-301F-11D3-BF4B-00C04F79EFBC}") = "19.Dictionary1", "19.Dictionary1\19.Dictionary1.csproj", "{D8022F54-55F6-4331-A5CA-A2DC5203BD04}"
EndProject
Project("{FAE04EC0-301F-11D3-BF4B-00C04F79EFBC}") = "19.Dictionary2", "19.Dictionary2\19.Dictionary2.csproj", "{4721F8F4-2326-4DA1-B5E3-BE4A6B9CED8E}"
EndProject
Project("{FAE04EC0-301F-11D3-BF4B-00C04F79EFBC}") = "20.Method1", "19.Method1\20.Method1.csproj", "{ED35FCB2-9C7F-4EB8-BBAF-B14C83BD8E7E}"
EndProject
Project("{FAE04EC0-301F-11D3-BF4B-00C04F79EFBC}") = "20.Method2", "20.Method2\20.Method2.csproj", "{F4E12F26-22CF-4799-90B0-EB042F4A47FC}"
EndProject
Project("{FAE04EC0-301F-11D3-BF4B-00C04F79EFBC}") = "20.Method３", "20.Method３\20.Method３.csproj", "{53506081-7DC5-43D3-A339-F6A18530501A}"
EndProject
Project("{FAE04EC0-301F-11D3-BF4B-00C04F79EFBC}") = "21.LINQ1", "21.LINQ1\21.LINQ1.csproj", "{64884C03-AB51-494F-8F15-6E8D90B673F2}"
EndProject
Project("{FAE04EC0-301F-11D3-BF4B-00C04F79EFBC}") = "21.LINQ2", "21.LINQ2\21.LINQ2.csproj", "{BD85FC6D-02E0-4AA4-9956-7B895BA032F3}"
EndProject
Project("{FAE04EC0-301F-11D3-BF4B-00C04F79EFBC}") = "21.LINQ3", "21.Linq3\21.LINQ3.csproj", "{D95D0931-CDB5-4EA0-9798-F1473D347D5E}"
EndProject
Project("{FAE04EC0-301F-11D3-BF4B-00C04F79EFBC}") = "21.LINQ4", "21.LINQ4\21.LINQ4.csproj", "{559EC3DE-AFA7-4190-8D0A-4A6B65A0C9C0}"
EndProject
Project("{FAE04EC0-301F-11D3-BF4B-00C04F79EFBC}") = "21.LINQ5,method,Func", "21.LINQ5\21.LINQ5,method,Func.csproj", "{05B087C6-6F60-4FEE-B6F1-71CC916520C7}"
EndProject
Project("{FAE04EC0-301F-11D3-BF4B-00C04F79EFBC}") = "22.Type1", "22.Type1\22.Type1.csproj", "{A14110AB-4ECE-4E4F-93EC-CD2EE3FBDAF1}"
EndProject
Project("{FAE04EC0-301F-11D3-BF4B-00C04F79EFBC}") = "22.Type2", "22.Type2\22.Type2.csproj", "{E87E1C19-649C-4ADB-A7DC-967594E33578}"
EndProject
Project("{FAE04EC0-301F-11D3-BF4B-00C04F79EFBC}") = "23.inheritance1", "23.inheritance1\23.inheritance1.csproj", "{F35ED966-1B4B-45D0-BFD5-2EE3DC956325}"
EndProject
Project("{FAE04EC0-301F-11D3-BF4B-00C04F79EFBC}") = "23.inheritance2", "23.inheritance2\23.inheritance2.csproj", "{8AF64DA4-388D-4C2B-BB31-560723B92091}"
EndProject
Project("{FAE04EC0-301F-11D3-BF4B-00C04F79EFBC}") = "24.Polymorphism1", "24.Polymorphism1\24.Polymorphism1.csproj", "{B30840FD-8C07-4403-B912-A41F8245EE46}"
EndProject
Project("{FAE04EC0-301F-11D3-BF4B-00C04F79EFBC}") = "25.DrawApp", "25.DrawApp\25.DrawApp.csproj", "{CE1A4E1D-216F-4EE8-88A4-BCBC6DB75528}"
EndProject
Global
	GlobalSection(SolutionConfigurationPlatforms) = preSolution
		Debug|Any CPU = Debug|Any CPU
		Release|Any CPU = Release|Any CPU
	EndGlobalSection
	GlobalSection(ProjectConfigurationPlatforms) = postSolution
		{2602E4D9-173C-458C-81DF-4331DE2025AB}.Debug|Any CPU.ActiveCfg = Debug|Any CPU
		{2602E4D9-173C-458C-81DF-4331DE2025AB}.Debug|Any CPU.Build.0 = Debug|Any CPU
		{2602E4D9-173C-458C-81DF-4331DE2025AB}.Release|Any CPU.ActiveCfg = Release|Any CPU
		{2602E4D9-173C-458C-81DF-4331DE2025AB}.Release|Any CPU.Build.0 = Release|Any CPU
		{862DC37A-E90D-4B57-8DE6-0AEED94160F3}.Debug|Any CPU.ActiveCfg = Debug|Any CPU
		{862DC37A-E90D-4B57-8DE6-0AEED94160F3}.Debug|Any CPU.Build.0 = Debug|Any CPU
		{862DC37A-E90D-4B57-8DE6-0AEED94160F3}.Release|Any CPU.ActiveCfg = Release|Any CPU
		{862DC37A-E90D-4B57-8DE6-0AEED94160F3}.Release|Any CPU.Build.0 = Release|Any CPU
		{3B9FAC93-9003-4177-905B-9B2FA7A5876D}.Debug|Any CPU.ActiveCfg = Debug|Any CPU
		{3B9FAC93-9003-4177-905B-9B2FA7A5876D}.Debug|Any CPU.Build.0 = Debug|Any CPU
		{3B9FAC93-9003-4177-905B-9B2FA7A5876D}.Release|Any CPU.ActiveCfg = Release|Any CPU
		{3B9FAC93-9003-4177-905B-9B2FA7A5876D}.Release|Any CPU.Build.0 = Release|Any CPU
		{659DBD5E-C66B-416B-94A9-C145CC639AB4}.Debug|Any CPU.ActiveCfg = Debug|Any CPU
		{659DBD5E-C66B-416B-94A9-C145CC639AB4}.Debug|Any CPU.Build.0 = Debug|Any CPU
		{659DBD5E-C66B-416B-94A9-C145CC639AB4}.Release|Any CPU.ActiveCfg = Release|Any CPU
		{659DBD5E-C66B-416B-94A9-C145CC639AB4}.Release|Any CPU.Build.0 = Release|Any CPU
		{F28A3F01-D49F-421D-8224-A928C33227F4}.Debug|Any CPU.ActiveCfg = Debug|Any CPU
		{F28A3F01-D49F-421D-8224-A928C33227F4}.Debug|Any CPU.Build.0 = Debug|Any CPU
		{F28A3F01-D49F-421D-8224-A928C33227F4}.Release|Any CPU.ActiveCfg = Release|Any CPU
		{F28A3F01-D49F-421D-8224-A928C33227F4}.Release|Any CPU.Build.0 = Release|Any CPU
		{51B0F5A0-6C03-49DA-91DB-2E67EEEA25E7}.Debug|Any CPU.ActiveCfg = Debug|Any CPU
		{51B0F5A0-6C03-49DA-91DB-2E67EEEA25E7}.Debug|Any CPU.Build.0 = Debug|Any CPU
		{51B0F5A0-6C03-49DA-91DB-2E67EEEA25E7}.Release|Any CPU.ActiveCfg = Release|Any CPU
		{51B0F5A0-6C03-49DA-91DB-2E67EEEA25E7}.Release|Any CPU.Build.0 = Release|Any CPU
		{9E4B2268-6F0D-4F8B-802A-E7B2DA992358}.Debug|Any CPU.ActiveCfg = Debug|Any CPU
		{9E4B2268-6F0D-4F8B-802A-E7B2DA992358}.Debug|Any CPU.Build.0 = Debug|Any CPU
		{9E4B2268-6F0D-4F8B-802A-E7B2DA992358}.Release|Any CPU.ActiveCfg = Release|Any CPU
		{9E4B2268-6F0D-4F8B-802A-E7B2DA992358}.Release|Any CPU.Build.0 = Release|Any CPU
		{9D800115-8F01-4A36-9DEE-02F47E4EE9D9}.Debug|Any CPU.ActiveCfg = Debug|Any CPU
		{9D800115-8F01-4A36-9DEE-02F47E4EE9D9}.Debug|Any CPU.Build.0 = Debug|Any CPU
		{9D800115-8F01-4A36-9DEE-02F47E4EE9D9}.Release|Any CPU.ActiveCfg = Release|Any CPU
		{9D800115-8F01-4A36-9DEE-02F47E4EE9D9}.Release|Any CPU.Build.0 = Release|Any CPU
		{CBE3660E-C229-4EC0-AB0A-2DE0755EBAEC}.Debug|Any CPU.ActiveCfg = Debug|Any CPU
		{CBE3660E-C229-4EC0-AB0A-2DE0755EBAEC}.Debug|Any CPU.Build.0 = Debug|Any CPU
		{CBE3660E-C229-4EC0-AB0A-2DE0755EBAEC}.Release|Any CPU.ActiveCfg = Release|Any CPU
		{CBE3660E-C229-4EC0-AB0A-2DE0755EBAEC}.Release|Any CPU.Build.0 = Release|Any CPU
		{B9D2906D-0C1F-4528-B615-57FC984C11BA}.Debug|Any CPU.ActiveCfg = Debug|Any CPU
		{B9D2906D-0C1F-4528-B615-57FC984C11BA}.Debug|Any CPU.Build.0 = Debug|Any CPU
		{B9D2906D-0C1F-4528-B615-57FC984C11BA}.Release|Any CPU.ActiveCfg = Release|Any CPU
		{B9D2906D-0C1F-4528-B615-57FC984C11BA}.Release|Any CPU.Build.0 = Release|Any CPU
		{7AEAA494-4378-4788-A2F2-9CC6FC15D7F3}.Debug|Any CPU.ActiveCfg = Debug|Any CPU
		{7AEAA494-4378-4788-A2F2-9CC6FC15D7F3}.Debug|Any CPU.Build.0 = Debug|Any CPU
		{7AEAA494-4378-4788-A2F2-9CC6FC15D7F3}.Release|Any CPU.ActiveCfg = Release|Any CPU
		{7AEAA494-4378-4788-A2F2-9CC6FC15D7F3}.Release|Any CPU.Build.0 = Release|Any CPU
		{24724865-43AC-4647-9C00-B2DBC8F96E1D}.Debug|Any CPU.ActiveCfg = Debug|Any CPU
		{24724865-43AC-4647-9C00-B2DBC8F96E1D}.Debug|Any CPU.Build.0 = Debug|Any CPU
		{24724865-43AC-4647-9C00-B2DBC8F96E1D}.Release|Any CPU.ActiveCfg = Release|Any CPU
		{24724865-43AC-4647-9C00-B2DBC8F96E1D}.Release|Any CPU.Build.0 = Release|Any CPU
		{74C75A57-5195-4713-86CF-84380DC8D291}.Debug|Any CPU.ActiveCfg = Debug|Any CPU
		{74C75A57-5195-4713-86CF-84380DC8D291}.Debug|Any CPU.Build.0 = Debug|Any CPU
		{74C75A57-5195-4713-86CF-84380DC8D291}.Release|Any CPU.ActiveCfg = Release|Any CPU
		{74C75A57-5195-4713-86CF-84380DC8D291}.Release|Any CPU.Build.0 = Release|Any CPU
		{CC35DF51-689B-4E96-9592-413F81232B8C}.Debug|Any CPU.ActiveCfg = Debug|Any CPU
		{CC35DF51-689B-4E96-9592-413F81232B8C}.Debug|Any CPU.Build.0 = Debug|Any CPU
		{CC35DF51-689B-4E96-9592-413F81232B8C}.Release|Any CPU.ActiveCfg = Release|Any CPU
		{CC35DF51-689B-4E96-9592-413F81232B8C}.Release|Any CPU.Build.0 = Release|Any CPU
		{D184B5F0-8BBA-4D47-A7D6-9D589181294C}.Debug|Any CPU.ActiveCfg = Debug|Any CPU
		{D184B5F0-8BBA-4D47-A7D6-9D589181294C}.Debug|Any CPU.Build.0 = Debug|Any CPU
		{D184B5F0-8BBA-4D47-A7D6-9D589181294C}.Release|Any CPU.ActiveCfg = Release|Any CPU
		{D184B5F0-8BBA-4D47-A7D6-9D589181294C}.Release|Any CPU.Build.0 = Release|Any CPU
		{0A1A4B33-4AE4-4600-A473-F282716DA223}.Debug|Any CPU.ActiveCfg = Debug|Any CPU
		{0A1A4B33-4AE4-4600-A473-F282716DA223}.Debug|Any CPU.Build.0 = Debug|Any CPU
		{0A1A4B33-4AE4-4600-A473-F282716DA223}.Release|Any CPU.ActiveCfg = Release|Any CPU
		{0A1A4B33-4AE4-4600-A473-F282716DA223}.Release|Any CPU.Build.0 = Release|Any CPU
		{7E0B280F-55AD-4C6E-963F-91489B2C9AB4}.Debug|Any CPU.ActiveCfg = Debug|Any CPU
		{7E0B280F-55AD-4C6E-963F-91489B2C9AB4}.Debug|Any CPU.Build.0 = Debug|Any CPU
		{7E0B280F-55AD-4C6E-963F-91489B2C9AB4}.Release|Any CPU.ActiveCfg = Release|Any CPU
		{7E0B280F-55AD-4C6E-963F-91489B2C9AB4}.Release|Any CPU.Build.0 = Release|Any CPU
		{EAB30C80-25D5-44FC-B369-E409AF3F6D47}.Debug|Any CPU.ActiveCfg = Debug|Any CPU
		{EAB30C80-25D5-44FC-B369-E409AF3F6D47}.Debug|Any CPU.Build.0 = Debug|Any CPU
		{EAB30C80-25D5-44FC-B369-E409AF3F6D47}.Release|Any CPU.ActiveCfg = Release|Any CPU
		{EAB30C80-25D5-44FC-B369-E409AF3F6D47}.Release|Any CPU.Build.0 = Release|Any CPU
		{01FE1EC6-6623-45C8-94A6-65F6798662D4}.Debug|Any CPU.ActiveCfg = Debug|Any CPU
		{01FE1EC6-6623-45C8-94A6-65F6798662D4}.Debug|Any CPU.Build.0 = Debug|Any CPU
		{01FE1EC6-6623-45C8-94A6-65F6798662D4}.Release|Any CPU.ActiveCfg = Release|Any CPU
		{01FE1EC6-6623-45C8-94A6-65F6798662D4}.Release|Any CPU.Build.0 = Release|Any CPU
		{86DFFBC6-0986-4BDE-A259-2126DD675912}.Debug|Any CPU.ActiveCfg = Debug|Any CPU
		{86DFFBC6-0986-4BDE-A259-2126DD675912}.Debug|Any CPU.Build.0 = Debug|Any CPU
		{86DFFBC6-0986-4BDE-A259-2126DD675912}.Release|Any CPU.ActiveCfg = Release|Any CPU
		{86DFFBC6-0986-4BDE-A259-2126DD675912}.Release|Any CPU.Build.0 = Release|Any CPU
		{E6F0CC16-ED3F-4D00-8C73-327466CE2A92}.Debug|Any CPU.ActiveCfg = Debug|Any CPU
		{E6F0CC16-ED3F-4D00-8C73-327466CE2A92}.Debug|Any CPU.Build.0 = Debug|Any CPU
		{E6F0CC16-ED3F-4D00-8C73-327466CE2A92}.Release|Any CPU.ActiveCfg = Release|Any CPU
		{E6F0CC16-ED3F-4D00-8C73-327466CE2A92}.Release|Any CPU.Build.0 = Release|Any CPU
		{DF149A07-7B22-4269-969A-7ABB972E16F8}.Debug|Any CPU.ActiveCfg = Debug|Any CPU
		{DF149A07-7B22-4269-969A-7ABB972E16F8}.Debug|Any CPU.Build.0 = Debug|Any CPU
		{DF149A07-7B22-4269-969A-7ABB972E16F8}.Release|Any CPU.ActiveCfg = Release|Any CPU
		{DF149A07-7B22-4269-969A-7ABB972E16F8}.Release|Any CPU.Build.0 = Release|Any CPU
		{5F6078D8-5668-4C28-8BB4-29060C2882C2}.Debug|Any CPU.ActiveCfg = Debug|Any CPU
		{5F6078D8-5668-4C28-8BB4-29060C2882C2}.Debug|Any CPU.Build.0 = Debug|Any CPU
		{5F6078D8-5668-4C28-8BB4-29060C2882C2}.Release|Any CPU.ActiveCfg = Release|Any CPU
		{5F6078D8-5668-4C28-8BB4-29060C2882C2}.Release|Any CPU.Build.0 = Release|Any CPU
		{4D211105-C49D-4AB4-85C5-605BD1177667}.Debug|Any CPU.ActiveCfg = Debug|Any CPU
		{4D211105-C49D-4AB4-85C5-605BD1177667}.Debug|Any CPU.Build.0 = Debug|Any CPU
		{4D211105-C49D-4AB4-85C5-605BD1177667}.Release|Any CPU.ActiveCfg = Release|Any CPU
		{4D211105-C49D-4AB4-85C5-605BD1177667}.Release|Any CPU.Build.0 = Release|Any CPU
		{D02C604C-4F08-418C-A6CD-E4B81D6F200E}.Debug|Any CPU.ActiveCfg = Debug|Any CPU
		{D02C604C-4F08-418C-A6CD-E4B81D6F200E}.Debug|Any CPU.Build.0 = Debug|Any CPU
		{D02C604C-4F08-418C-A6CD-E4B81D6F200E}.Release|Any CPU.ActiveCfg = Release|Any CPU
		{D02C604C-4F08-418C-A6CD-E4B81D6F200E}.Release|Any CPU.Build.0 = Release|Any CPU
		{06E1A711-A854-4935-85C7-4BA9FE866603}.Debug|Any CPU.ActiveCfg = Debug|Any CPU
		{06E1A711-A854-4935-85C7-4BA9FE866603}.Debug|Any CPU.Build.0 = Debug|Any CPU
		{06E1A711-A854-4935-85C7-4BA9FE866603}.Release|Any CPU.ActiveCfg = Release|Any CPU
		{06E1A711-A854-4935-85C7-4BA9FE866603}.Release|Any CPU.Build.0 = Release|Any CPU
		{709BB27C-A48B-4FA2-9F10-E74F3656B8CC}.Debug|Any CPU.ActiveCfg = Debug|Any CPU
		{709BB27C-A48B-4FA2-9F10-E74F3656B8CC}.Debug|Any CPU.Build.0 = Debug|Any CPU
		{709BB27C-A48B-4FA2-9F10-E74F3656B8CC}.Release|Any CPU.ActiveCfg = Release|Any CPU
		{709BB27C-A48B-4FA2-9F10-E74F3656B8CC}.Release|Any CPU.Build.0 = Release|Any CPU
		{67615E3F-2F1A-4485-8797-3068640E6EFE}.Debug|Any CPU.ActiveCfg = Debug|Any CPU
		{67615E3F-2F1A-4485-8797-3068640E6EFE}.Debug|Any CPU.Build.0 = Debug|Any CPU
		{67615E3F-2F1A-4485-8797-3068640E6EFE}.Release|Any CPU.ActiveCfg = Release|Any CPU
		{67615E3F-2F1A-4485-8797-3068640E6EFE}.Release|Any CPU.Build.0 = Release|Any CPU
		{799CBBFC-A6DB-4F8C-82A0-B26A34352513}.Debug|Any CPU.ActiveCfg = Debug|Any CPU
		{799CBBFC-A6DB-4F8C-82A0-B26A34352513}.Debug|Any CPU.Build.0 = Debug|Any CPU
		{799CBBFC-A6DB-4F8C-82A0-B26A34352513}.Release|Any CPU.ActiveCfg = Release|Any CPU
		{799CBBFC-A6DB-4F8C-82A0-B26A34352513}.Release|Any CPU.Build.0 = Release|Any CPU
		{1242EF5F-E12A-4EAB-AC6E-9CB8D3992164}.Debug|Any CPU.ActiveCfg = Debug|Any CPU
		{1242EF5F-E12A-4EAB-AC6E-9CB8D3992164}.Debug|Any CPU.Build.0 = Debug|Any CPU
		{1242EF5F-E12A-4EAB-AC6E-9CB8D3992164}.Release|Any CPU.ActiveCfg = Release|Any CPU
		{1242EF5F-E12A-4EAB-AC6E-9CB8D3992164}.Release|Any CPU.Build.0 = Release|Any CPU
		{D8022F54-55F6-4331-A5CA-A2DC5203BD04}.Debug|Any CPU.ActiveCfg = Debug|Any CPU
		{D8022F54-55F6-4331-A5CA-A2DC5203BD04}.Debug|Any CPU.Build.0 = Debug|Any CPU
		{D8022F54-55F6-4331-A5CA-A2DC5203BD04}.Release|Any CPU.ActiveCfg = Release|Any CPU
		{D8022F54-55F6-4331-A5CA-A2DC5203BD04}.Release|Any CPU.Build.0 = Release|Any CPU
		{4721F8F4-2326-4DA1-B5E3-BE4A6B9CED8E}.Debug|Any CPU.ActiveCfg = Debug|Any CPU
		{4721F8F4-2326-4DA1-B5E3-BE4A6B9CED8E}.Debug|Any CPU.Build.0 = Debug|Any CPU
		{4721F8F4-2326-4DA1-B5E3-BE4A6B9CED8E}.Release|Any CPU.ActiveCfg = Release|Any CPU
		{4721F8F4-2326-4DA1-B5E3-BE4A6B9CED8E}.Release|Any CPU.Build.0 = Release|Any CPU
		{ED35FCB2-9C7F-4EB8-BBAF-B14C83BD8E7E}.Debug|Any CPU.ActiveCfg = Debug|Any CPU
		{ED35FCB2-9C7F-4EB8-BBAF-B14C83BD8E7E}.Debug|Any CPU.Build.0 = Debug|Any CPU
		{ED35FCB2-9C7F-4EB8-BBAF-B14C83BD8E7E}.Release|Any CPU.ActiveCfg = Release|Any CPU
		{ED35FCB2-9C7F-4EB8-BBAF-B14C83BD8E7E}.Release|Any CPU.Build.0 = Release|Any CPU
		{F4E12F26-22CF-4799-90B0-EB042F4A47FC}.Debug|Any CPU.ActiveCfg = Debug|Any CPU
		{F4E12F26-22CF-4799-90B0-EB042F4A47FC}.Debug|Any CPU.Build.0 = Debug|Any CPU
		{F4E12F26-22CF-4799-90B0-EB042F4A47FC}.Release|Any CPU.ActiveCfg = Release|Any CPU
		{F4E12F26-22CF-4799-90B0-EB042F4A47FC}.Release|Any CPU.Build.0 = Release|Any CPU
		{53506081-7DC5-43D3-A339-F6A18530501A}.Debug|Any CPU.ActiveCfg = Debug|Any CPU
		{53506081-7DC5-43D3-A339-F6A18530501A}.Debug|Any CPU.Build.0 = Debug|Any CPU
		{53506081-7DC5-43D3-A339-F6A18530501A}.Release|Any CPU.ActiveCfg = Release|Any CPU
		{53506081-7DC5-43D3-A339-F6A18530501A}.Release|Any CPU.Build.0 = Release|Any CPU
		{64884C03-AB51-494F-8F15-6E8D90B673F2}.Debug|Any CPU.ActiveCfg = Debug|Any CPU
		{64884C03-AB51-494F-8F15-6E8D90B673F2}.Debug|Any CPU.Build.0 = Debug|Any CPU
		{64884C03-AB51-494F-8F15-6E8D90B673F2}.Release|Any CPU.ActiveCfg = Release|Any CPU
		{64884C03-AB51-494F-8F15-6E8D90B673F2}.Release|Any CPU.Build.0 = Release|Any CPU
		{BD85FC6D-02E0-4AA4-9956-7B895BA032F3}.Debug|Any CPU.ActiveCfg = Debug|Any CPU
		{BD85FC6D-02E0-4AA4-9956-7B895BA032F3}.Debug|Any CPU.Build.0 = Debug|Any CPU
		{BD85FC6D-02E0-4AA4-9956-7B895BA032F3}.Release|Any CPU.ActiveCfg = Release|Any CPU
		{BD85FC6D-02E0-4AA4-9956-7B895BA032F3}.Release|Any CPU.Build.0 = Release|Any CPU
		{D95D0931-CDB5-4EA0-9798-F1473D347D5E}.Debug|Any CPU.ActiveCfg = Debug|Any CPU
		{D95D0931-CDB5-4EA0-9798-F1473D347D5E}.Debug|Any CPU.Build.0 = Debug|Any CPU
		{D95D0931-CDB5-4EA0-9798-F1473D347D5E}.Release|Any CPU.ActiveCfg = Release|Any CPU
		{D95D0931-CDB5-4EA0-9798-F1473D347D5E}.Release|Any CPU.Build.0 = Release|Any CPU
		{559EC3DE-AFA7-4190-8D0A-4A6B65A0C9C0}.Debug|Any CPU.ActiveCfg = Debug|Any CPU
		{559EC3DE-AFA7-4190-8D0A-4A6B65A0C9C0}.Debug|Any CPU.Build.0 = Debug|Any CPU
		{559EC3DE-AFA7-4190-8D0A-4A6B65A0C9C0}.Release|Any CPU.ActiveCfg = Release|Any CPU
		{559EC3DE-AFA7-4190-8D0A-4A6B65A0C9C0}.Release|Any CPU.Build.0 = Release|Any CPU
		{05B087C6-6F60-4FEE-B6F1-71CC916520C7}.Debug|Any CPU.ActiveCfg = Debug|Any CPU
		{05B087C6-6F60-4FEE-B6F1-71CC916520C7}.Debug|Any CPU.Build.0 = Debug|Any CPU
		{05B087C6-6F60-4FEE-B6F1-71CC916520C7}.Release|Any CPU.ActiveCfg = Release|Any CPU
		{05B087C6-6F60-4FEE-B6F1-71CC916520C7}.Release|Any CPU.Build.0 = Release|Any CPU
		{A14110AB-4ECE-4E4F-93EC-CD2EE3FBDAF1}.Debug|Any CPU.ActiveCfg = Debug|Any CPU
		{A14110AB-4ECE-4E4F-93EC-CD2EE3FBDAF1}.Debug|Any CPU.Build.0 = Debug|Any CPU
		{A14110AB-4ECE-4E4F-93EC-CD2EE3FBDAF1}.Release|Any CPU.ActiveCfg = Release|Any CPU
		{A14110AB-4ECE-4E4F-93EC-CD2EE3FBDAF1}.Release|Any CPU.Build.0 = Release|Any CPU
		{E87E1C19-649C-4ADB-A7DC-967594E33578}.Debug|Any CPU.ActiveCfg = Debug|Any CPU
		{E87E1C19-649C-4ADB-A7DC-967594E33578}.Debug|Any CPU.Build.0 = Debug|Any CPU
		{E87E1C19-649C-4ADB-A7DC-967594E33578}.Release|Any CPU.ActiveCfg = Release|Any CPU
		{E87E1C19-649C-4ADB-A7DC-967594E33578}.Release|Any CPU.Build.0 = Release|Any CPU
		{F35ED966-1B4B-45D0-BFD5-2EE3DC956325}.Debug|Any CPU.ActiveCfg = Debug|Any CPU
		{F35ED966-1B4B-45D0-BFD5-2EE3DC956325}.Debug|Any CPU.Build.0 = Debug|Any CPU
		{F35ED966-1B4B-45D0-BFD5-2EE3DC956325}.Release|Any CPU.ActiveCfg = Release|Any CPU
		{F35ED966-1B4B-45D0-BFD5-2EE3DC956325}.Release|Any CPU.Build.0 = Release|Any CPU
		{8AF64DA4-388D-4C2B-BB31-560723B92091}.Debug|Any CPU.ActiveCfg = Debug|Any CPU
		{8AF64DA4-388D-4C2B-BB31-560723B92091}.Debug|Any CPU.Build.0 = Debug|Any CPU
		{8AF64DA4-388D-4C2B-BB31-560723B92091}.Release|Any CPU.ActiveCfg = Release|Any CPU
		{8AF64DA4-388D-4C2B-BB31-560723B92091}.Release|Any CPU.Build.0 = Release|Any CPU
		{B30840FD-8C07-4403-B912-A41F8245EE46}.Debug|Any CPU.ActiveCfg = Debug|Any CPU
		{B30840FD-8C07-4403-B912-A41F8245EE46}.Debug|Any CPU.Build.0 = Debug|Any CPU
		{B30840FD-8C07-4403-B912-A41F8245EE46}.Release|Any CPU.ActiveCfg = Release|Any CPU
		{B30840FD-8C07-4403-B912-A41F8245EE46}.Release|Any CPU.Build.0 = Release|Any CPU
		{CE1A4E1D-216F-4EE8-88A4-BCBC6DB75528}.Debug|Any CPU.ActiveCfg = Debug|Any CPU
		{CE1A4E1D-216F-4EE8-88A4-BCBC6DB75528}.Debug|Any CPU.Build.0 = Debug|Any CPU
		{CE1A4E1D-216F-4EE8-88A4-BCBC6DB75528}.Release|Any CPU.ActiveCfg = Release|Any CPU
		{CE1A4E1D-216F-4EE8-88A4-BCBC6DB75528}.Release|Any CPU.Build.0 = Release|Any CPU
	EndGlobalSection
	GlobalSection(SolutionProperties) = preSolution
		HideSolutionNode = FALSE
	EndGlobalSection
	GlobalSection(ExtensibilityGlobals) = postSolution
		SolutionGuid = {96A67166-716E-4029-8FF2-F76DCD888F40}
	EndGlobalSection
EndGlobal
