
Microsoft Visual Studio Solution File, Format Version 12.00
# Visual Studio 15
VisualStudioVersion = 15.0.27703.2018
MinimumVisualStudioVersion = 10.0.40219.1
Project("{FAE04EC0-301F-11D3-BF4B-00C04F79EFBC}") = "01.HelloWorld", "CSleaning1\01.HelloWorld.csproj", "{2602E4D9-173C-458C-81DF-4331DE2025AB}"
EndProject
Project("{FAE04EC0-301F-11D3-BF4B-00C04F79EFBC}") = "02.Wage", "test\02.Wage.csproj", "{862DC37A-E90D-4B57-8DE6-0AEED94160F3}"
EndProject
Project("{FAE04EC0-301F-11D3-BF4B-00C04F79EFBC}") = "03.TestAve", "TestAve\03.TestAve.csproj", "{3B9FAC93-9003-4177-905B-9B2FA7A5876D}"
EndProject
Project("{FAE04EC0-301F-11D3-BF4B-00C04F79EFBC}") = "Free", "Free\Free.csproj", "{659DBD5E-C66B-416B-94A9-C145CC639AB4}"
EndProject
Project("{FAE04EC0-301F-11D3-BF4B-00C04F79EFBC}") = "04.LifeHeel", "LifeHeel\04.LifeHeel.csproj", "{F28A3F01-D49F-421D-8224-A928C33227F4}"
EndProject
Project("{FAE04EC0-301F-11D3-BF4B-00C04F79EFBC}") = "05.LifeHeel1", "5.LifeHeel1\05.LifeHeel1.csproj", "{51B0F5A0-6C03-49DA-91DB-2E67EEEA25E7}"
EndProject
Project("{FAE04EC0-301F-11D3-BF4B-00C04F79EFBC}") = "06.GameOver", "GameOver\06.GameOver.csproj", "{9E4B2268-6F0D-4F8B-802A-E7B2DA992358}"
EndProject
Project("{FAE04EC0-301F-11D3-BF4B-00C04F79EFBC}") = "07.Corporation", "7.Corporation\07.Corporation.csproj", "{9D800115-8F01-4A36-9DEE-02F47E4EE9D9}"
EndProject
Project("{FAE04EC0-301F-11D3-BF4B-00C04F79EFBC}") = "07.CorporationdDubleCheck", "8.Corporation\07.CorporationdDubleCheck.csproj", "{CBE3660E-C229-4EC0-AB0A-2DE0755EBAEC}"
EndProject
Project("{FAE04EC0-301F-11D3-BF4B-00C04F79EFBC}") = "08.HowMove", "HowMove\08.HowMove.csproj", "{B9D2906D-0C1F-4528-B615-57FC984C11BA}"
EndProject
Project("{FAE04EC0-301F-11D3-BF4B-00C04F79EFBC}") = "09.KindofLand", "9.KindofLand\09.KindofLand.csproj", "{7AEAA494-4378-4788-A2F2-9CC6FC15D7F3}"
EndProject
Project("{FAE04EC0-301F-11D3-BF4B-00C04F79EFBC}") = "10.Loop", "10.Roop\10.Loop.csproj", "{24724865-43AC-4647-9C00-B2DBC8F96E1D}"
EndProject
Project("{FAE04EC0-301F-11D3-BF4B-00C04F79EFBC}") = "11.CountUp", "11.CountUp\11.CountUp.csproj", "{74C75A57-5195-4713-86CF-84380DC8D291}"
EndProject
Project("{FAE04EC0-301F-11D3-BF4B-00C04F79EFBC}") = "12.Missile", "12.Missile\12.Missile.csproj", "{CC35DF51-689B-4E96-9592-413F81232B8C}"
EndProject
Project("{FAE04EC0-301F-11D3-BF4B-00C04F79EFBC}") = "13.Missile2", "13.Missile2\13.Missile2.csproj", "{D184B5F0-8BBA-4D47-A7D6-9D589181294C}"
EndProject
Project("{FAE04EC0-301F-11D3-BF4B-00C04F79EFBC}") = "14.10000WARU2", "14.10000WARU2\14.10000WARU2.csproj", "{0A1A4B33-4AE4-4600-A473-F282716DA223}"
EndProject
Project("{FAE04EC0-301F-11D3-BF4B-00C04F79EFBC}") = "15.Break", "15.Break\15.Break.csproj", "{7E0B280F-55AD-4C6E-963F-91489B2C9AB4}"
EndProject
Project("{FAE04EC0-301F-11D3-BF4B-00C04F79EFBC}") = "16.over500", "16.over500\16.over500.csproj", "{EAB30C80-25D5-44FC-B369-E409AF3F6D47}"
EndProject
Project("{FAE04EC0-301F-11D3-BF4B-00C04F79EFBC}") = "17.Weight", "17.Weight\17.Weight.csproj", "{01FE1EC6-6623-45C8-94A6-65F6798662D4}"
EndProject
Global
	GlobalSection(SolutionConfigurationPlatforms) = preSolution
		Debug|Any CPU = Debug|Any CPU
		Release|Any CPU = Release|Any CPU
	EndGlobalSection
	GlobalSection(ProjectConfigurationPlatforms) = postSolution
		{2602E4D9-173C-458C-81DF-4331DE2025AB}.Debug|Any CPU.ActiveCfg = Debug|Any CPU
		{2602E4D9-173C-458C-81DF-4331DE2025AB}.Debug|Any CPU.Build.0 = Debug|Any CPU
		{2602E4D9-173C-458C-81DF-4331DE2025AB}.Release|Any CPU.ActiveCfg = Release|Any CPU
		{2602E4D9-173C-458C-81DF-4331DE2025AB}.Release|Any CPU.Build.0 = Release|Any CPU
		{862DC37A-E90D-4B57-8DE6-0AEED94160F3}.Debug|Any CPU.ActiveCfg = Debug|Any CPU
		{862DC37A-E90D-4B57-8DE6-0AEED94160F3}.Debug|Any CPU.Build.0 = Debug|Any CPU
		{862DC37A-E90D-4B57-8DE6-0AEED94160F3}.Release|Any CPU.ActiveCfg = Release|Any CPU
		{862DC37A-E90D-4B57-8DE6-0AEED94160F3}.Release|Any CPU.Build.0 = Release|Any CPU
		{3B9FAC93-9003-4177-905B-9B2FA7A5876D}.Debug|Any CPU.ActiveCfg = Debug|Any CPU
		{3B9FAC93-9003-4177-905B-9B2FA7A5876D}.Debug|Any CPU.Build.0 = Debug|Any CPU
		{3B9FAC93-9003-4177-905B-9B2FA7A5876D}.Release|Any CPU.ActiveCfg = Release|Any CPU
		{3B9FAC93-9003-4177-905B-9B2FA7A5876D}.Release|Any CPU.Build.0 = Release|Any CPU
		{659DBD5E-C66B-416B-94A9-C145CC639AB4}.Debug|Any CPU.ActiveCfg = Debug|Any CPU
		{659DBD5E-C66B-416B-94A9-C145CC639AB4}.Debug|Any CPU.Build.0 = Debug|Any CPU
		{659DBD5E-C66B-416B-94A9-C145CC639AB4}.Release|Any CPU.ActiveCfg = Release|Any CPU
		{659DBD5E-C66B-416B-94A9-C145CC639AB4}.Release|Any CPU.Build.0 = Release|Any CPU
		{F28A3F01-D49F-421D-8224-A928C33227F4}.Debug|Any CPU.ActiveCfg = Debug|Any CPU
		{F28A3F01-D49F-421D-8224-A928C33227F4}.Debug|Any CPU.Build.0 = Debug|Any CPU
		{F28A3F01-D49F-421D-8224-A928C33227F4}.Release|Any CPU.ActiveCfg = Release|Any CPU
		{F28A3F01-D49F-421D-8224-A928C33227F4}.Release|Any CPU.Build.0 = Release|Any CPU
		{51B0F5A0-6C03-49DA-91DB-2E67EEEA25E7}.Debug|Any CPU.ActiveCfg = Debug|Any CPU
		{51B0F5A0-6C03-49DA-91DB-2E67EEEA25E7}.Debug|Any CPU.Build.0 = Debug|Any CPU
		{51B0F5A0-6C03-49DA-91DB-2E67EEEA25E7}.Release|Any CPU.ActiveCfg = Release|Any CPU
		{51B0F5A0-6C03-49DA-91DB-2E67EEEA25E7}.Release|Any CPU.Build.0 = Release|Any CPU
		{9E4B2268-6F0D-4F8B-802A-E7B2DA992358}.Debug|Any CPU.ActiveCfg = Debug|Any CPU
		{9E4B2268-6F0D-4F8B-802A-E7B2DA992358}.Debug|Any CPU.Build.0 = Debug|Any CPU
		{9E4B2268-6F0D-4F8B-802A-E7B2DA992358}.Release|Any CPU.ActiveCfg = Release|Any CPU
		{9E4B2268-6F0D-4F8B-802A-E7B2DA992358}.Release|Any CPU.Build.0 = Release|Any CPU
		{9D800115-8F01-4A36-9DEE-02F47E4EE9D9}.Debug|Any CPU.ActiveCfg = Debug|Any CPU
		{9D800115-8F01-4A36-9DEE-02F47E4EE9D9}.Debug|Any CPU.Build.0 = Debug|Any CPU
		{9D800115-8F01-4A36-9DEE-02F47E4EE9D9}.Release|Any CPU.ActiveCfg = Release|Any CPU
		{9D800115-8F01-4A36-9DEE-02F47E4EE9D9}.Release|Any CPU.Build.0 = Release|Any CPU
		{CBE3660E-C229-4EC0-AB0A-2DE0755EBAEC}.Debug|Any CPU.ActiveCfg = Debug|Any CPU
		{CBE3660E-C229-4EC0-AB0A-2DE0755EBAEC}.Debug|Any CPU.Build.0 = Debug|Any CPU
		{CBE3660E-C229-4EC0-AB0A-2DE0755EBAEC}.Release|Any CPU.ActiveCfg = Release|Any CPU
		{CBE3660E-C229-4EC0-AB0A-2DE0755EBAEC}.Release|Any CPU.Build.0 = Release|Any CPU
		{B9D2906D-0C1F-4528-B615-57FC984C11BA}.Debug|Any CPU.ActiveCfg = Debug|Any CPU
		{B9D2906D-0C1F-4528-B615-57FC984C11BA}.Debug|Any CPU.Build.0 = Debug|Any CPU
		{B9D2906D-0C1F-4528-B615-57FC984C11BA}.Release|Any CPU.ActiveCfg = Release|Any CPU
		{B9D2906D-0C1F-4528-B615-57FC984C11BA}.Release|Any CPU.Build.0 = Release|Any CPU
		{7AEAA494-4378-4788-A2F2-9CC6FC15D7F3}.Debug|Any CPU.ActiveCfg = Debug|Any CPU
		{7AEAA494-4378-4788-A2F2-9CC6FC15D7F3}.Debug|Any CPU.Build.0 = Debug|Any CPU
		{7AEAA494-4378-4788-A2F2-9CC6FC15D7F3}.Release|Any CPU.ActiveCfg = Release|Any CPU
		{7AEAA494-4378-4788-A2F2-9CC6FC15D7F3}.Release|Any CPU.Build.0 = Release|Any CPU
		{24724865-43AC-4647-9C00-B2DBC8F96E1D}.Debug|Any CPU.ActiveCfg = Debug|Any CPU
		{24724865-43AC-4647-9C00-B2DBC8F96E1D}.Debug|Any CPU.Build.0 = Debug|Any CPU
		{24724865-43AC-4647-9C00-B2DBC8F96E1D}.Release|Any CPU.ActiveCfg = Release|Any CPU
		{24724865-43AC-4647-9C00-B2DBC8F96E1D}.Release|Any CPU.Build.0 = Release|Any CPU
		{74C75A57-5195-4713-86CF-84380DC8D291}.Debug|Any CPU.ActiveCfg = Debug|Any CPU
		{74C75A57-5195-4713-86CF-84380DC8D291}.Debug|Any CPU.Build.0 = Debug|Any CPU
		{74C75A57-5195-4713-86CF-84380DC8D291}.Release|Any CPU.ActiveCfg = Release|Any CPU
		{74C75A57-5195-4713-86CF-84380DC8D291}.Release|Any CPU.Build.0 = Release|Any CPU
		{CC35DF51-689B-4E96-9592-413F81232B8C}.Debug|Any CPU.ActiveCfg = Debug|Any CPU
		{CC35DF51-689B-4E96-9592-413F81232B8C}.Debug|Any CPU.Build.0 = Debug|Any CPU
		{CC35DF51-689B-4E96-9592-413F81232B8C}.Release|Any CPU.ActiveCfg = Release|Any CPU
		{CC35DF51-689B-4E96-9592-413F81232B8C}.Release|Any CPU.Build.0 = Release|Any CPU
		{D184B5F0-8BBA-4D47-A7D6-9D589181294C}.Debug|Any CPU.ActiveCfg = Debug|Any CPU
		{D184B5F0-8BBA-4D47-A7D6-9D589181294C}.Debug|Any CPU.Build.0 = Debug|Any CPU
		{D184B5F0-8BBA-4D47-A7D6-9D589181294C}.Release|Any CPU.ActiveCfg = Release|Any CPU
		{D184B5F0-8BBA-4D47-A7D6-9D589181294C}.Release|Any CPU.Build.0 = Release|Any CPU
		{0A1A4B33-4AE4-4600-A473-F282716DA223}.Debug|Any CPU.ActiveCfg = Debug|Any CPU
		{0A1A4B33-4AE4-4600-A473-F282716DA223}.Debug|Any CPU.Build.0 = Debug|Any CPU
		{0A1A4B33-4AE4-4600-A473-F282716DA223}.Release|Any CPU.ActiveCfg = Release|Any CPU
		{0A1A4B33-4AE4-4600-A473-F282716DA223}.Release|Any CPU.Build.0 = Release|Any CPU
		{7E0B280F-55AD-4C6E-963F-91489B2C9AB4}.Debug|Any CPU.ActiveCfg = Debug|Any CPU
		{7E0B280F-55AD-4C6E-963F-91489B2C9AB4}.Debug|Any CPU.Build.0 = Debug|Any CPU
		{7E0B280F-55AD-4C6E-963F-91489B2C9AB4}.Release|Any CPU.ActiveCfg = Release|Any CPU
		{7E0B280F-55AD-4C6E-963F-91489B2C9AB4}.Release|Any CPU.Build.0 = Release|Any CPU
		{EAB30C80-25D5-44FC-B369-E409AF3F6D47}.Debug|Any CPU.ActiveCfg = Debug|Any CPU
		{EAB30C80-25D5-44FC-B369-E409AF3F6D47}.Debug|Any CPU.Build.0 = Debug|Any CPU
		{EAB30C80-25D5-44FC-B369-E409AF3F6D47}.Release|Any CPU.ActiveCfg = Release|Any CPU
		{EAB30C80-25D5-44FC-B369-E409AF3F6D47}.Release|Any CPU.Build.0 = Release|Any CPU
		{01FE1EC6-6623-45C8-94A6-65F6798662D4}.Debug|Any CPU.ActiveCfg = Debug|Any CPU
		{01FE1EC6-6623-45C8-94A6-65F6798662D4}.Debug|Any CPU.Build.0 = Debug|Any CPU
		{01FE1EC6-6623-45C8-94A6-65F6798662D4}.Release|Any CPU.ActiveCfg = Release|Any CPU
		{01FE1EC6-6623-45C8-94A6-65F6798662D4}.Release|Any CPU.Build.0 = Release|Any CPU
	EndGlobalSection
	GlobalSection(SolutionProperties) = preSolution
		HideSolutionNode = FALSE
	EndGlobalSection
	GlobalSection(ExtensibilityGlobals) = postSolution
		SolutionGuid = {96A67166-716E-4029-8FF2-F76DCD888F40}
	EndGlobalSection
EndGlobal
